
Microsoft Visual Studio Solution File, Format Version 12.00
# Visual Studio Version 16
VisualStudioVersion = 16.0.30523.141
MinimumVisualStudioVersion = 10.0.40219.1
Project("{9A19103F-16F7-4668-BE54-9A1E7A4F7556}") = "ExFinalCalidadN00020449", "ExFinalDiarsN00020449\ExFinalCalidadN00020449.csproj", "{DFCBC194-B820-43B5-B202-093884C9B774}"
EndProject
Project("{FAE04EC0-301F-11D3-BF4B-00C04F79EFBC}") = "ExFinalCalidadN00020449Test.Testing", "ExFinalCalidadN00020449Test.Testing\ExFinalCalidadN00020449Test.Testing.csproj", "{4191D84C-7C0A-4AD4-B9DF-ABE2EBE81FE6}"
EndProject
Global
	GlobalSection(SolutionConfigurationPlatforms) = preSolution
		Debug|Any CPU = Debug|Any CPU
		Release|Any CPU = Release|Any CPU
	EndGlobalSection
	GlobalSection(ProjectConfigurationPlatforms) = postSolution
		{DFCBC194-B820-43B5-B202-093884C9B774}.Debug|Any CPU.ActiveCfg = Debug|Any CPU
		{DFCBC194-B820-43B5-B202-093884C9B774}.Debug|Any CPU.Build.0 = Debug|Any CPU
		{DFCBC194-B820-43B5-B202-093884C9B774}.Release|Any CPU.ActiveCfg = Release|Any CPU
		{DFCBC194-B820-43B5-B202-093884C9B774}.Release|Any CPU.Build.0 = Release|Any CPU
		{4191D84C-7C0A-4AD4-B9DF-ABE2EBE81FE6}.Debug|Any CPU.ActiveCfg = Debug|Any CPU
		{4191D84C-7C0A-4AD4-B9DF-ABE2EBE81FE6}.Debug|Any CPU.Build.0 = Debug|Any CPU
		{4191D84C-7C0A-4AD4-B9DF-ABE2EBE81FE6}.Release|Any CPU.ActiveCfg = Release|Any CPU
		{4191D84C-7C0A-4AD4-B9DF-ABE2EBE81FE6}.Release|Any CPU.Build.0 = Release|Any CPU
	EndGlobalSection
	GlobalSection(SolutionProperties) = preSolution
		HideSolutionNode = FALSE
	EndGlobalSection
	GlobalSection(ExtensibilityGlobals) = postSolution
		SolutionGuid = {68EDCD01-0B30-47EA-8643-4DF60410EEE4}
	EndGlobalSection
EndGlobal
